
Microsoft Visual Studio Solution File, Format Version 12.00
# Visual Studio Version 17
VisualStudioVersion = 17.3.32922.545
MinimumVisualStudioVersion = 10.0.40219.1
Project("{FAE04EC0-301F-11D3-BF4B-00C04F79EFBC}") = "WindowsFormsApp9", "WindowsFormsApp9\WindowsFormsApp9.csproj", "{3F7F0A73-30B0-473C-BE65-5821FCB244DC}"
EndProject
Global
	GlobalSection(SolutionConfigurationPlatforms) = preSolution
		Debug|Any CPU = Debug|Any CPU
		Release|Any CPU = Release|Any CPU
	EndGlobalSection
	GlobalSection(ProjectConfigurationPlatforms) = postSolution
		{3F7F0A73-30B0-473C-BE65-5821FCB244DC}.Debug|Any CPU.ActiveCfg = Debug|Any CPU
		{3F7F0A73-30B0-473C-BE65-5821FCB244DC}.Debug|Any CPU.Build.0 = Debug|Any CPU
		{3F7F0A73-30B0-473C-BE65-5821FCB244DC}.Release|Any CPU.ActiveCfg = Release|Any CPU
		{3F7F0A73-30B0-473C-BE65-5821FCB244DC}.Release|Any CPU.Build.0 = Release|Any CPU
	EndGlobalSection
	GlobalSection(SolutionProperties) = preSolution
		HideSolutionNode = FALSE
	EndGlobalSection
	GlobalSection(ExtensibilityGlobals) = postSolution
		SolutionGuid = {5CAC21DC-4AB1-417E-948C-8C8B657F7699}
	EndGlobalSection
EndGlobal
